{
  "name": "ehime-restaurant-license-map",
  "version": "0.1.0",
  "lockfileVersion": 3,
  "requires": true,
  "packages": {
    "": {
      "name": "ehime-restaurant-license-map",
      "version": "0.1.0",
      "license": "MIT",
      "dependencies": {
        "@geolonia/normalize-japanese-addresses": "3.1.3"
      }
    },
    "node_modules/@geolonia/japanese-addresses-v2": {
      "version": "0.0.5",
      "resolved": "https://registry.npmjs.org/@geolonia/japanese-addresses-v2/-/japanese-addresses-v2-0.0.5.tgz",
      "integrity": "sha512-oQsBRSCGVp18xDpHMGjudJuOmr5NNu4D+LSljAGW2w2oyDTa7KM34Id6ZSILBs/PqvKGfvpMCb8aOfW+tblMWg==",
      "license": "MIT"
    },
    "node_modules/@geolonia/japanese-numeral": {
      "version": "1.1.0",
      "resolved": "https://registry.npmjs.org/@geolonia/japanese-numeral/-/japanese-numeral-1.1.0.tgz",
      "integrity": "sha512-Mk1YX6bubQI5meqSpsb5Pa/l9kHTvjoiqPEyPXoVYeki4L+2prU886ug02MbtKEZ4yIVhuVTujWaskqHmLHyqQ==",
      "license": "MIT",
      "engines": {
        "node": ">=18"
      }
    },
    "node_modules/@geolonia/normalize-japanese-addresses": {
      "version": "3.1.3",
      "resolved": "https://registry.npmjs.org/@geolonia/normalize-japanese-addresses/-/normalize-japanese-addresses-3.1.3.tgz",
      "integrity": "sha512-hf3D01j4fahSdx7XsG0IKHmsZQBBfZEoTD7qLr5lQkewnCfKSMn9ocZ9DSIdyvOkKU1WSBquHsHw8KQfRJ+BSQ==",
      "license": "MIT",
      "dependencies": {
        "@geolonia/japanese-addresses-v2": "0.0.5",
        "@geolonia/japanese-numeral": "^1.0.2",
        "lru-cache": "^11.0.1",
        "papaparse": "^5.4.1",
        "undici": "^6.19.8"
      },
      "engines": {
        "node": ">=18"
      }
    },
    "node_modules/lru-cache": {
      "version": "11.5.3",
      "resolved": "https://registry.npmjs.org/lru-cache/-/lru-cache-11.5.3.tgz",
      "integrity": "sha512-U4N8FgzmWxc8k1VH8Kr6lQg18U7Fjvby6wXHVRX/ZZ7IwWbRMgrRbP0Wrb5q5NVinryp4SQampHKdvtecItxUg==",
      "license": "BlueOak-1.0.0",
      "engines": {
        "node": "20 || >=22"
      }
    },
    "node_modules/papaparse": {
      "version": "5.7.0",
      "resolved": "https://registry.npmjs.org/papaparse/-/papaparse-5.7.0.tgz",
      "integrity": "sha512-qBGxg/7Q3Kl9Wfhrz2Z74UnvnHTXLNG6jmKJFeBvP2+y4lV7So+7SR62+Zd47JvdrCkX+nDcnr0ObPzek/+6RA==",
      "license": "MIT"
    },
    "node_modules/undici": {
      "version": "6.29.0",
      "resolved": "https://registry.npmjs.org/undici/-/undici-6.29.0.tgz",
      "integrity": "sha512-R+RODBqp6i2pPflGdq+xIOUkl+RNfGgHwoinecKu/JCuf2uO06cOKoDbI2P7Dn6KcswdKwrczbU6IYJ6K8X+wg==",
      "license": "MIT",
      "engines": {
        "node": ">=18.17"
      }
    }
  }
}
